
Microsoft Visual Studio Solution File, Format Version 12.00
# Visual Studio Version 16
VisualStudioVersion = 16.0.29728.190
MinimumVisualStudioVersion = 10.0.40219.1
Project("{FAE04EC0-301F-11D3-BF4B-00C04F79EFBC}") = "MohammedKarim_S00199627", "MohammedKarim_S00199627\MohammedKarim_S00199627.csproj", "{1442A149-CBFD-49F6-9C6A-C83F22AB0096}"
EndProject
Project("{FAE04EC0-301F-11D3-BF4B-00C04F79EFBC}") = "UnitTestProject1", "UnitTestProject1\UnitTestProject1.csproj", "{86079D20-220A-4DE0-8D79-8E360634CDD3}"
EndProject
Global
	GlobalSection(SolutionConfigurationPlatforms) = preSolution
		Debug|Any CPU = Debug|Any CPU
		Release|Any CPU = Release|Any CPU
	EndGlobalSection
	GlobalSection(ProjectConfigurationPlatforms) = postSolution
		{1442A149-CBFD-49F6-9C6A-C83F22AB0096}.Debug|Any CPU.ActiveCfg = Debug|Any CPU
		{1442A149-CBFD-49F6-9C6A-C83F22AB0096}.Debug|Any CPU.Build.0 = Debug|Any CPU
		{1442A149-CBFD-49F6-9C6A-C83F22AB0096}.Release|Any CPU.ActiveCfg = Release|Any CPU
		{1442A149-CBFD-49F6-9C6A-C83F22AB0096}.Release|Any CPU.Build.0 = Release|Any CPU
		{86079D20-220A-4DE0-8D79-8E360634CDD3}.Debug|Any CPU.ActiveCfg = Debug|Any CPU
		{86079D20-220A-4DE0-8D79-8E360634CDD3}.Debug|Any CPU.Build.0 = Debug|Any CPU
		{86079D20-220A-4DE0-8D79-8E360634CDD3}.Release|Any CPU.ActiveCfg = Release|Any CPU
		{86079D20-220A-4DE0-8D79-8E360634CDD3}.Release|Any CPU.Build.0 = Release|Any CPU
	EndGlobalSection
	GlobalSection(SolutionProperties) = preSolution
		HideSolutionNode = FALSE
	EndGlobalSection
	GlobalSection(ExtensibilityGlobals) = postSolution
		SolutionGuid = {4F4D6CDC-A42F-4CC9-A577-702D70FC63AF}
	EndGlobalSection
EndGlobal
